
Microsoft Visual Studio Solution File, Format Version 12.00
# Visual Studio Version 17
VisualStudioVersion = 17.3.32819.101
MinimumVisualStudioVersion = 10.0.40219.1
Project("{FAE04EC0-301F-11D3-BF4B-00C04F79EFBC}") = "GestionInventaire", "GestionInventaire\GestionInventaire.csproj", "{8E51EE68-C30C-41B0-BFA7-25D7C723BF34}"
EndProject
Global
	GlobalSection(SolutionConfigurationPlatforms) = preSolution
		Debug|Any CPU = Debug|Any CPU
		Release|Any CPU = Release|Any CPU
	EndGlobalSection
	GlobalSection(ProjectConfigurationPlatforms) = postSolution
		{8E51EE68-C30C-41B0-BFA7-25D7C723BF34}.Debug|Any CPU.ActiveCfg = Debug|Any CPU
		{8E51EE68-C30C-41B0-BFA7-25D7C723BF34}.Debug|Any CPU.Build.0 = Debug|Any CPU
		{8E51EE68-C30C-41B0-BFA7-25D7C723BF34}.Release|Any CPU.ActiveCfg = Release|Any CPU
		{8E51EE68-C30C-41B0-BFA7-25D7C723BF34}.Release|Any CPU.Build.0 = Release|Any CPU
	EndGlobalSection
	GlobalSection(SolutionProperties) = preSolution
		HideSolutionNode = FALSE
	EndGlobalSection
	GlobalSection(ExtensibilityGlobals) = postSolution
		SolutionGuid = {8A12A07F-78D0-4FDE-BC48-EDE61C441F1A}
	EndGlobalSection
EndGlobal
