
Microsoft Visual Studio Solution File, Format Version 12.00
# Visual Studio Version 17
VisualStudioVersion = 17.3.32819.101
MinimumVisualStudioVersion = 10.0.40219.1
Project("{9A19103F-16F7-4668-BE54-9A1E7A4F7556}") = "GestionInventaireClass", "GestionInventaireClass\GestionInventaireClass.csproj", "{CAFB64CB-72D5-440F-92F5-9833EF64128B}"
EndProject
Project("{9A19103F-16F7-4668-BE54-9A1E7A4F7556}") = "GestionInventaireFront", "GestionInventaireFront\GestionInventaireFront.csproj", "{5CE1EEBD-A29B-4092-AA41-F6DF2D4703A0}"
EndProject
Project("{FAE04EC0-301F-11D3-BF4B-00C04F79EFBC}") = "GestionInventaireTests", "GestionInventaireTests\GestionInventaireTests.csproj", "{6D41DDFA-6E6B-4698-A956-036736E73AB3}"
EndProject
Global
	GlobalSection(SolutionConfigurationPlatforms) = preSolution
		Debug|Any CPU = Debug|Any CPU
		Release|Any CPU = Release|Any CPU
	EndGlobalSection
	GlobalSection(ProjectConfigurationPlatforms) = postSolution
		{CAFB64CB-72D5-440F-92F5-9833EF64128B}.Debug|Any CPU.ActiveCfg = Debug|Any CPU
		{CAFB64CB-72D5-440F-92F5-9833EF64128B}.Debug|Any CPU.Build.0 = Debug|Any CPU
		{CAFB64CB-72D5-440F-92F5-9833EF64128B}.Release|Any CPU.ActiveCfg = Release|Any CPU
		{CAFB64CB-72D5-440F-92F5-9833EF64128B}.Release|Any CPU.Build.0 = Release|Any CPU
		{5CE1EEBD-A29B-4092-AA41-F6DF2D4703A0}.Debug|Any CPU.ActiveCfg = Debug|Any CPU
		{5CE1EEBD-A29B-4092-AA41-F6DF2D4703A0}.Debug|Any CPU.Build.0 = Debug|Any CPU
		{5CE1EEBD-A29B-4092-AA41-F6DF2D4703A0}.Release|Any CPU.ActiveCfg = Release|Any CPU
		{5CE1EEBD-A29B-4092-AA41-F6DF2D4703A0}.Release|Any CPU.Build.0 = Release|Any CPU
		{6D41DDFA-6E6B-4698-A956-036736E73AB3}.Debug|Any CPU.ActiveCfg = Debug|Any CPU
		{6D41DDFA-6E6B-4698-A956-036736E73AB3}.Debug|Any CPU.Build.0 = Debug|Any CPU
		{6D41DDFA-6E6B-4698-A956-036736E73AB3}.Release|Any CPU.ActiveCfg = Release|Any CPU
		{6D41DDFA-6E6B-4698-A956-036736E73AB3}.Release|Any CPU.Build.0 = Release|Any CPU
	EndGlobalSection
	GlobalSection(SolutionProperties) = preSolution
		HideSolutionNode = FALSE
	EndGlobalSection
	GlobalSection(ExtensibilityGlobals) = postSolution
		SolutionGuid = {8A12A07F-78D0-4FDE-BC48-EDE61C441F1A}
	EndGlobalSection
EndGlobal
